github.com/mat/besticon v3.12.0+incompatible h1:1KTD6wisfjfnX+fk9Kx/6VEZL+MAW1LhCkL9Q47H9Bg=
github.com/mat/besticon v3.12.0+incompatible/go.mod h1:mA1auQYHt6CW5e7L9HJLmqVQC8SzNk2gVwouO0AbiEU=
golang.org/x/image v0.0.0-20200801110659-972c09e46d76 h1:U7GPaoQyQmX+CBRWXKrvRzWTbd+slqeSh8uARsIyhAw=
golang.org/x/image v0.0.0-20200801110659-972c09e46d76/go.mod h1:FeLwcggjj3mMvU+oOTbSwawSJRM1uh48EjtB4UJZlP0=
golang.org/x/sys v0.0.0-20210227040730-b0d1d43c014d h1:9fH9JvLNoSpsDWcXJ4dSE3lZW99Z3OCUZLr07g60U6o=
golang.org/x/sys v0.0.0-20210227040730-b0d1d43c014d/go.mod h1:h1NjWce9XRLGQEsW7wpKNCjG9DtNlClVuFLEZdDNbEs=
golang.org/x/text v0.3.0/go.mod h1:NqM8EUOU14njkJ3fqMW+pc6Ldnwhi/IjpwHt7yyuwOQ=
